hash: ecb7f223788b80be7029b432685b04135b5465c26884afaa33d47b115c216141
updated: 2018-05-14T10:30:29.775755-07:00
imports:
- name: github.com/gorilla/context
  version: 08b5f424b9271eedf6f9f0ce86cb9396ed337a42
- name: github.com/gorilla/mux
  version: d391bea3118c9fc17a88d62c9189bb791255e0ef
- name: github.com/sirupsen/logrus
  version: d682213848ed68c0a260ca37d6dd5ace8423f5ba
- name: golang.org/x/crypto
  version: 81e90905daefcd6fd217b62423c0908922eadb30
  subpackages:
  - ssh/terminal
- name: golang.org/x/sys
  version: 43eea11bc92608addb41b8a406b0407495c106f6
  subpackages:
  - unix
  - windows
testImports: []
